                "@lapidist/design-lint": "^5.2.0",
        "node_modules/@humanwhocodes/momoa": {
            "version": "3.3.9",
            "resolved": "https://registry.npmjs.org/@humanwhocodes/momoa/-/momoa-3.3.9.tgz",
            "integrity": "sha512-LHw6Op4bJb3/3KZgOgwflJx5zY9XOy0NU1NuyUFKGdTwHYmP+PbnQGCYQJ8NVNlulLfQish34b0VuUlLYP3AXA==",
            "dev": true,
            "license": "Apache-2.0",
            "engines": {
                "node": ">=18"
            }
        },
            "version": "5.2.0",
            "resolved": "https://registry.npmjs.org/@lapidist/design-lint/-/design-lint-5.2.0.tgz",
            "integrity": "sha512-lPREsd/cS3oDru0UpOQMwDMj2AejNUsFnfboNaUYEhKTvwCDrMZsbpg2hz5WcU12YngdYsB65NWpNnDdJbhaLw==",
                "@humanwhocodes/momoa": "3.3.9",
                "culori": "4.0.2",
                "svelte": "5.38.9",
                "yaml-to-momoa": "0.0.6",
                "zod": "4.1.7"
        "node_modules/culori": {
            "version": "4.0.2",
            "resolved": "https://registry.npmjs.org/culori/-/culori-4.0.2.tgz",
            "integrity": "sha512-1+BhOB8ahCn4O0cep0Sh2l9KCOfOdY+BXJnKMHFFzDEouSr/el18QwXEMRlOj9UY5nCeA8UN3a/82rUWRBeyBw==",
            "dev": true,
            "license": "MIT",
            "engines": {
                "node": "^12.20.0 || ^14.13.1 || >=16.0.0"
            }
        },
            "version": "5.38.9",
            "resolved": "https://registry.npmjs.org/svelte/-/svelte-5.38.9.tgz",
            "integrity": "sha512-enpmouVYRlrCJh1T176A+8LgqRVf4Qgin2k6EZ8iU9SpqgmrIidm2M5tBwJttjNcxWjvZzs3rLu33NJoUTsF+Q==",
        "node_modules/yaml-to-momoa": {
            "version": "0.0.6",
            "resolved": "https://registry.npmjs.org/yaml-to-momoa/-/yaml-to-momoa-0.0.6.tgz",
            "integrity": "sha512-H6OxymcTIB5fTCQV7/+ETO9Wh6v1vpBDpmW94XnscKE+jQl6x58us/G6r6z5IiPCi5wuSvJ+0wipUsp0s2/Yyg==",
            "dev": true,
            "license": "MIT",
            "dependencies": {
                "@humanwhocodes/momoa": "^3.3.8",
                "yaml": "^2.7.1"
            }
        },
            "version": "1.1.4",
            "resolved": "https://registry.npmjs.org/zimmerframe/-/zimmerframe-1.1.4.tgz",
            "integrity": "sha512-B58NGBEoc8Y9MWWCQGl/gq9xBCe4IiKM0a2x7GZdQKOW5Exr8S1W24J6OgM1njK8xCRGvAJIL/MxXHf6SkmQKQ==",
            "version": "4.1.7",
            "resolved": "https://registry.npmjs.org/zod/-/zod-4.1.7.tgz",
            "integrity": "sha512-6qi6UYyzAl7W9uV29KvcSFXqK4QCYNYUz2YASPNBWpJE1RY6R1nArmmFPgGY/CBYWzpeMw3EOER+DR9a05O4IA==",
