                "@lapidist/design-lint": "^5.2.0",
        "node_modules/@humanwhocodes/momoa": {
            "version": "3.3.9",
            "resolved": "https://registry.npmjs.org/@humanwhocodes/momoa/-/momoa-3.3.9.tgz",
            "integrity": "sha512-LHw6Op4bJb3/3KZgOgwflJx5zY9XOy0NU1NuyUFKGdTwHYmP+PbnQGCYQJ8NVNlulLfQish34b0VuUlLYP3AXA==",
            "dev": true,
            "license": "Apache-2.0",
            "engines": {
                "node": ">=18"
            }
        },
            "version": "5.2.0",
            "resolved": "https://registry.npmjs.org/@lapidist/design-lint/-/design-lint-5.2.0.tgz",
            "integrity": "sha512-lPREsd/cS3oDru0UpOQMwDMj2AejNUsFnfboNaUYEhKTvwCDrMZsbpg2hz5WcU12YngdYsB65NWpNnDdJbhaLw==",
                "@humanwhocodes/momoa": "3.3.9",
                "culori": "4.0.2",
                "svelte": "5.38.9",
                "yaml-to-momoa": "0.0.6",
                "zod": "4.1.7"
        "node_modules/culori": {
            "version": "4.0.2",
            "resolved": "https://registry.npmjs.org/culori/-/culori-4.0.2.tgz",
            "integrity": "sha512-1+BhOB8ahCn4O0cep0Sh2l9KCOfOdY+BXJnKMHFFzDEouSr/el18QwXEMRlOj9UY5nCeA8UN3a/82rUWRBeyBw==",
            "dev": true,
            "license": "MIT",
            "engines": {
                "node": "^12.20.0 || ^14.13.1 || >=16.0.0"
            }
        },
            "version": "5.38.9",
            "resolved": "https://registry.npmjs.org/svelte/-/svelte-5.38.9.tgz",
            "integrity": "sha512-enpmouVYRlrCJh1T176A+8LgqRVf4Qgin2k6EZ8iU9SpqgmrIidm2M5tBwJttjNcxWjvZzs3rLu33NJoUTsF+Q==",
        "node_modules/yaml-to-momoa": {
            "version": "0.0.6",
            "resolved": "https://registry.npmjs.org/yaml-to-momoa/-/yaml-to-momoa-0.0.6.tgz",
            "integrity": "sha512-H6OxymcTIB5fTCQV7/+ETO9Wh6v1vpBDpmW94XnscKE+jQl6x58us/G6r6z5IiPCi5wuSvJ+0wipUsp0s2/Yyg==",
            "dev": true,
            "license": "MIT",
            "dependencies": {
                "@humanwhocodes/momoa": "^3.3.8",
                "yaml": "^2.7.1"
            }
        },
            "version": "1.1.4",
            "resolved": "https://registry.npmjs.org/zimmerframe/-/zimmerframe-1.1.4.tgz",
            "integrity": "sha512-B58NGBEoc8Y9MWWCQGl/gq9xBCe4IiKM0a2x7GZdQKOW5Exr8S1W24J6OgM1njK8xCRGvAJIL/MxXHf6SkmQKQ==",
            "version": "4.1.7",
            "resolved": "https://registry.npmjs.org/zod/-/zod-4.1.7.tgz",
            "integrity": "sha512-6qi6UYyzAl7W9uV29KvcSFXqK4QCYNYUz2YASPNBWpJE1RY6R1nArmmFPgGY/CBYWzpeMw3EOER+DR9a05O4IA==",
        "node_modules/@esbuild/linux-x64": {
                "linux"
                "tslib": "^2.8.0"
        "node_modules/@formatjs/intl-localematcher": {
            "version": "0.6.1",
            "dev": true,
            "license": "MIT",
            "dependencies": {
                "tslib": "^2.8.0"
        "node_modules/@hapi/hoek": {
            "version": "9.3.0",
            "dev": true,
            "license": "BSD-3-Clause"
        "node_modules/@hapi/topo": {
            "version": "5.1.0",
            "dev": true,
            "license": "BSD-3-Clause",
            "dependencies": {
                "@hapi/hoek": "^9.0.0"
        "node_modules/@humanfs/core": {
            "version": "0.19.1",
            "dev": true,
                "node": ">=18.18.0"
        "node_modules/@humanfs/node": {
            "version": "0.16.7",
            "dev": true,
            "dependencies": {
                "@humanfs/core": "^0.19.1",
                "@humanwhocodes/retry": "^0.4.0"
            "engines": {
                "node": ">=18.18.0"
        "node_modules/@humanwhocodes/module-importer": {
            "version": "1.0.1",
            "dev": true,
                "node": ">=12.22"
                "type": "github",
                "url": "https://github.com/sponsors/nzakas"
        "node_modules/@humanwhocodes/momoa": {
            "version": "3.3.9",
            "resolved": "https://registry.npmjs.org/@humanwhocodes/momoa/-/momoa-3.3.9.tgz",
            "integrity": "sha512-LHw6Op4bJb3/3KZgOgwflJx5zY9XOy0NU1NuyUFKGdTwHYmP+PbnQGCYQJ8NVNlulLfQish34b0VuUlLYP3AXA==",
            "dev": true,
                "node": ">=18"
        "node_modules/@humanwhocodes/retry": {
            "version": "0.4.3",
            "dev": true,
                "node": ">=18.18"
                "type": "github",
                "url": "https://github.com/sponsors/nzakas"
        "node_modules/@ianvs/prettier-plugin-sort-imports": {
            "version": "4.7.0",
            "dev": true,
            "dependencies": {
                "@babel/generator": "^7.26.2",
                "@babel/parser": "^7.26.2",
                "@babel/traverse": "^7.25.9",
                "@babel/types": "^7.26.0",
                "semver": "^7.5.2"
            "peerDependencies": {
                "@prettier/plugin-oxc": "^0.0.4",
                "@vue/compiler-sfc": "2.7.x || 3.x",
                "content-tag": "^4.0.0",
                "prettier": "2 || 3 || ^4.0.0-0",
                "prettier-plugin-ember-template-tag": "^2.1.0"
            "peerDependenciesMeta": {
                "@prettier/plugin-oxc": {
                    "optional": true
                },
                "@vue/compiler-sfc": {
                    "optional": true
                },
                "content-tag": {
                    "optional": true
                },
                "prettier-plugin-ember-template-tag": {
                    "optional": true
                }
        "node_modules/@img/sharp-libvips-linux-x64": {
            "version": "1.2.0",
            "license": "LGPL-3.0-or-later",
        "node_modules/@img/sharp-libvips-linuxmusl-x64": {
            "version": "1.2.0",
                "x64"
            "license": "LGPL-3.0-or-later",
                "linux"
        "node_modules/@img/sharp-linux-x64": {
                "x64"
            "license": "Apache-2.0",
                "linux"
            },
            "optionalDependencies": {
                "@img/sharp-libvips-linux-x64": "1.2.0"
        "node_modules/@img/sharp-linuxmusl-x64": {
            "license": "Apache-2.0",
                "linux"
            },
            "optionalDependencies": {
                "@img/sharp-libvips-linuxmusl-x64": "1.2.0"
        "node_modules/@lhci/cli/node_modules/@paulirish/trace_engine/node_modules/third-party-web": {
            "version": "0.27.0",
            "resolved": "https://registry.npmjs.org/third-party-web/-/third-party-web-0.27.0.tgz",
            "integrity": "sha512-h0JYX+dO2Zr3abCQpS6/uFjujaOjA1DyDzGQ41+oFn9VW/ARiq9g5ln7qEP9+BTzDpOMyIfsfj4OvfgXAsMUSA==",
            "dev": true,
            "license": "MIT"
        },
        "node_modules/@lhci/utils/node_modules/@paulirish/trace_engine/node_modules/third-party-web": {
            "version": "0.27.0",
            "resolved": "https://registry.npmjs.org/third-party-web/-/third-party-web-0.27.0.tgz",
            "integrity": "sha512-h0JYX+dO2Zr3abCQpS6/uFjujaOjA1DyDzGQ41+oFn9VW/ARiq9g5ln7qEP9+BTzDpOMyIfsfj4OvfgXAsMUSA==",
            "dev": true,
            "license": "MIT"
        },
                "url": "https://opencollective.com/unified"
            },
            "peerDependencies": {
                "@types/react": ">=16",
                "react": ">=16"
                "node": ">=14"
            "peerDependencies": {
                "@opentelemetry/api": ">=1.0.0 <1.10.0"
        "node_modules/@opentelemetry/sdk-trace-base/node_modules/@opentelemetry/semantic-conventions": {
            "version": "1.28.0",
            "license": "Apache-2.0",
                "node": ">=14"
        "node_modules/@opentelemetry/semantic-conventions": {
            "version": "1.37.0",
            "license": "Apache-2.0",
                "node": ">=14"
        "node_modules/@opentelemetry/sql-common": {
            "version": "0.40.1",
            "license": "Apache-2.0",
            "dependencies": {
                "@opentelemetry/core": "^1.1.0"
            },
                "node": ">=14"
            "peerDependencies": {
                "@opentelemetry/api": "^1.1.0"
        "node_modules/@parcel/watcher": {
            "hasInstallScript": true,
            "dependencies": {
                "detect-libc": "^1.0.3",
                "is-glob": "^4.0.3",
                "micromatch": "^4.0.5",
                "node-addon-api": "^7.0.0"
            },
            },
            "optionalDependencies": {
                "@parcel/watcher-android-arm64": "2.5.1",
                "@parcel/watcher-darwin-arm64": "2.5.1",
                "@parcel/watcher-darwin-x64": "2.5.1",
                "@parcel/watcher-freebsd-x64": "2.5.1",
                "@parcel/watcher-linux-arm-glibc": "2.5.1",
                "@parcel/watcher-linux-arm-musl": "2.5.1",
                "@parcel/watcher-linux-arm64-glibc": "2.5.1",
                "@parcel/watcher-linux-arm64-musl": "2.5.1",
                "@parcel/watcher-linux-x64-glibc": "2.5.1",
                "@parcel/watcher-linux-x64-musl": "2.5.1",
                "@parcel/watcher-win32-arm64": "2.5.1",
                "@parcel/watcher-win32-ia32": "2.5.1",
                "@parcel/watcher-win32-x64": "2.5.1"
        "node_modules/@parcel/watcher-linux-x64-glibc": {
                "x64"
                "linux"
        "node_modules/@parcel/watcher-linux-x64-musl": {
                "linux"
        "node_modules/@react-pdf/types/node_modules/@react-pdf/fns": {
            "version": "3.1.2",
            "license": "MIT"
        "node_modules/@react-pdf/types/node_modules/@react-pdf/font": {
            "version": "4.0.2",
            "dependencies": {
                "@react-pdf/pdfkit": "^4.0.3",
                "@react-pdf/types": "^2.9.0",
                "fontkit": "^2.0.2",
                "is-url": "^1.2.4"
            }
        "node_modules/@react-pdf/types/node_modules/@react-pdf/pdfkit": {
            "version": "4.0.3",
            "dependencies": {
                "@babel/runtime": "^7.20.13",
                "@react-pdf/png-js": "^3.0.0",
                "browserify-zlib": "^0.2.0",
                "crypto-js": "^4.2.0",
                "fontkit": "^2.0.2",
                "jay-peg": "^1.1.1",
                "linebreak": "^1.1.0",
                "vite-compatible-readable-stream": "^3.6.1"
            }
        "node_modules/@react-pdf/types/node_modules/@react-pdf/png-js": {
            "version": "3.0.0",
            "dependencies": {
                "browserify-zlib": "^0.2.0"
            }
        "node_modules/@react-pdf/types/node_modules/@react-pdf/primitives": {
            "version": "4.1.1",
            "license": "MIT"
        },
        "node_modules/@react-pdf/types/node_modules/@react-pdf/stylesheet": {
            "version": "6.1.0",
            "dependencies": {
                "@react-pdf/fns": "3.1.2",
                "@react-pdf/types": "^2.9.0",
                "color-string": "^1.9.1",
                "hsl-to-hex": "^1.0.0",
                "media-engine": "^1.0.3",
                "postcss-value-parser": "^4.1.0"
            }
        "node_modules/@react-pdf/types/node_modules/color-name": {
            "version": "1.1.4",
            "license": "MIT"
        },
        "node_modules/@react-pdf/types/node_modules/color-string": {
            "version": "1.9.1",
            "dependencies": {
                "color-name": "^1.0.0",
                "simple-swizzle": "^0.2.2"
            }
                "storybook": "^0.0.0-0 || ^8.2.0 || ^9.0.0 || ^9.1.0-0"
        "node_modules/@sveltejs/acorn-typescript": {
            "version": "1.0.5",
            "resolved": "https://registry.npmjs.org/@sveltejs/acorn-typescript/-/acorn-typescript-1.0.5.tgz",
            "integrity": "sha512-IwQk4yfwLdibDlrXVE04jTZYlLnwsTT2PIOQQGNLWfjavGifnk1JD1LcZjZaBTRcxZu2FfPfNLOE04DSu9lqtQ==",
            "license": "MIT",
            "peerDependencies": {
                "acorn": "^8.9.0"
        "node_modules/@swc/core": {
            "hasInstallScript": true,
            "license": "Apache-2.0",
            "dependencies": {
                "@swc/counter": "^0.1.3",
                "@swc/types": "^0.1.24"
            },
            },
            "funding": {
                "type": "opencollective",
                "url": "https://opencollective.com/swc"
            },
            "optionalDependencies": {
                "@swc/core-darwin-arm64": "1.13.5",
                "@swc/core-darwin-x64": "1.13.5",
                "@swc/core-linux-arm-gnueabihf": "1.13.5",
                "@swc/core-linux-arm64-gnu": "1.13.5",
                "@swc/core-linux-arm64-musl": "1.13.5",
                "@swc/core-linux-x64-gnu": "1.13.5",
                "@swc/core-linux-x64-musl": "1.13.5",
                "@swc/core-win32-arm64-msvc": "1.13.5",
                "@swc/core-win32-ia32-msvc": "1.13.5",
                "@swc/core-win32-x64-msvc": "1.13.5"
            },
            "peerDependencies": {
                "@swc/helpers": ">=0.5.17"
            },
            "peerDependenciesMeta": {
                "@swc/helpers": {
                    "optional": true
                }
        "node_modules/@swc/core-linux-x64-gnu": {
                "x64"
                "linux"
        "node_modules/@swc/core-linux-x64-musl": {
                "linux"
