                "@lapidist/design-lint": "^4.7.5",
        "node_modules/@jridgewell/remapping": {
            "version": "2.3.5",
            "resolved": "https://registry.npmjs.org/@jridgewell/remapping/-/remapping-2.3.5.tgz",
            "integrity": "sha512-LI9u/+laYG4Ds1TDKSJW2YPrIlcVYOwi2fUC6xB43lueCjgxV4lffOCZCtYFiH6TNOX+tQKXx97T4IKHbhyHEQ==",
            "dev": true,
            "license": "MIT",
            "dependencies": {
                "@jridgewell/gen-mapping": "^0.3.5",
                "@jridgewell/trace-mapping": "^0.3.24"
            }
        },
        "node_modules/@lapidist/design-lint": {
            "version": "4.7.5",
            "resolved": "https://registry.npmjs.org/@lapidist/design-lint/-/design-lint-4.7.5.tgz",
            "integrity": "sha512-f+Iib6AvnGkE88qQu7JWrck3L0XqS+HdWNG+0vUFYdL/mlxvZLdu3hpEDsLpZRQlw+tdjQZaPqVLziDIlukALQ==",
            "dev": true,
            "license": "MIT",
            "dependencies": {
                "@vue/compiler-sfc": "3.5.21",
                "chalk": "5.6.0",
                "chokidar": "4.0.3",
                "color-name": "2.0.0",
                "color-string": "2.1.0",
                "fast-glob": "3.3.3",
                "fast-levenshtein": "3.0.0",
                "find-up": "7.0.0",
                "ignore": "7.0.5",
                "p-limit": "7.1.1",
                "postcss": "8.5.6",
                "postcss-value-parser": "4.2.0",
                "svelte": "5.38.7",
                "write-file-atomic": "6.0.0",
                "zod": "4.1.5"
            },
            "bin": {
                "design-lint": "dist/cli/index.js"
            },
            "engines": {
                "node": "24.7.0"
            }
        },
        "node_modules/@lapidist/design-lint/node_modules/chalk": {
            "version": "5.6.0",
            "resolved": "https://registry.npmjs.org/chalk/-/chalk-5.6.0.tgz",
            "integrity": "sha512-46QrSQFyVSEyYAgQ22hQ+zDa60YHA4fBstHmtSApj1Y5vKtG27fWowW03jCk5KcbXEWPZUIR894aARCA/G1kfQ==",
            "dev": true,
            "license": "MIT",
            "engines": {
                "node": "^12.17.0 || ^14.13 || >=16.0.0"
            },
            "funding": {
                "url": "https://github.com/chalk/chalk?sponsor=1"
            }
        },
        "node_modules/@lapidist/design-lint/node_modules/chokidar": {
            "version": "4.0.3",
            "resolved": "https://registry.npmjs.org/chokidar/-/chokidar-4.0.3.tgz",
            "integrity": "sha512-Qgzu8kfBvo+cA4962jnP1KkS6Dop5NS6g7R5LFYJr4b8Ub94PPQXUksCw9PvXoeXPRRddRNC5C1JQUR2SMGtnA==",
            "dev": true,
            "license": "MIT",
            "dependencies": {
                "readdirp": "^4.0.1"
            },
            "engines": {
                "node": ">= 14.16.0"
            },
            "funding": {
                "url": "https://paulmillr.com/funding/"
            }
        },
        "node_modules/@lapidist/design-lint/node_modules/color-name": {
            "version": "2.0.0",
            "resolved": "https://registry.npmjs.org/color-name/-/color-name-2.0.0.tgz",
            "integrity": "sha512-SbtvAMWvASO5TE2QP07jHBMXKafgdZz8Vrsrn96fiL+O92/FN/PLARzUW5sKt013fjAprK2d2iCn2hk2Xb5oow==",
            "dev": true,
            "license": "MIT",
            "engines": {
                "node": ">=12.20"
            }
        },
        "node_modules/@lapidist/design-lint/node_modules/color-string": {
            "version": "2.1.0",
            "resolved": "https://registry.npmjs.org/color-string/-/color-string-2.1.0.tgz",
            "integrity": "sha512-gNVoDzpaSwvftp6Y8nqk97FtZoXP9Yj7KGYB8yIXuv0JcfqbYihTrd1OU5iZW9btfXde4YAOCRySBHT7O910MA==",
            "dev": true,
            "license": "MIT",
            "dependencies": {
                "color-name": "^2.0.0"
            },
            "engines": {
                "node": ">=18"
            }
        },
        "node_modules/@lapidist/design-lint/node_modules/fast-glob": {
            "version": "3.3.3",
            "resolved": "https://registry.npmjs.org/fast-glob/-/fast-glob-3.3.3.tgz",
            "integrity": "sha512-7MptL8U0cqcFdzIzwOTHoilX9x5BrNqye7Z/LuC7kCMRio1EMSyqRK3BEAUD7sXRq4iT4AzTVuZdhgQ2TCvYLg==",
            "dev": true,
            "license": "MIT",
            "dependencies": {
                "@nodelib/fs.stat": "^2.0.2",
                "@nodelib/fs.walk": "^1.2.3",
                "glob-parent": "^5.1.2",
                "merge2": "^1.3.0",
                "micromatch": "^4.0.8"
            },
            "engines": {
                "node": ">=8.6.0"
            }
        },
        "node_modules/@lapidist/design-lint/node_modules/fast-levenshtein": {
            "version": "3.0.0",
            "resolved": "https://registry.npmjs.org/fast-levenshtein/-/fast-levenshtein-3.0.0.tgz",
            "integrity": "sha512-hKKNajm46uNmTlhHSyZkmToAc56uZJwYq7yrciZjqOxnlfQwERDQJmHPUp7m1m9wx8vgOe8IaCKZ5Kv2k1DdCQ==",
            "dev": true,
            "license": "MIT",
            "dependencies": {
                "fastest-levenshtein": "^1.0.7"
            }
        },
        "node_modules/@lapidist/design-lint/node_modules/glob-parent": {
            "version": "5.1.2",
            "resolved": "https://registry.npmjs.org/glob-parent/-/glob-parent-5.1.2.tgz",
            "integrity": "sha512-AOIgSQCepiJYwP3ARnGx+5VnTu2HBYdzbGP45eLw1vr3zB3vZLeyed1sC9hnbcOc9/SrMyM5RPQrkGz4aS9Zow==",
            "dev": true,
            "license": "ISC",
            "dependencies": {
                "is-glob": "^4.0.1"
            },
            "engines": {
                "node": ">= 6"
            }
        },
        "node_modules/@lapidist/design-lint/node_modules/ignore": {
            "version": "7.0.5",
            "resolved": "https://registry.npmjs.org/ignore/-/ignore-7.0.5.tgz",
            "integrity": "sha512-Hs59xBNfUIunMFgWAbGX5cq6893IbWg4KnrjbYwX3tx0ztorVgTDA6B2sxf8ejHJ4wz8BqGUMYlnzNBer5NvGg==",
            "dev": true,
            "license": "MIT",
            "engines": {
                "node": ">= 4"
            }
        },
        "node_modules/@lapidist/design-lint/node_modules/p-limit": {
            "version": "7.1.1",
            "resolved": "https://registry.npmjs.org/p-limit/-/p-limit-7.1.1.tgz",
            "integrity": "sha512-i8PyM2JnsNChVSYWLr2BAjNoLi0BAYC+wecOnZnVV+YSNJkzP7cWmvI34dk0WArWfH9KwBHNoZI3P3MppImlIA==",
            "dev": true,
            "license": "MIT",
            "dependencies": {
                "yocto-queue": "^1.2.1"
            },
            "engines": {
                "node": ">=20"
            },
            "funding": {
                "url": "https://github.com/sponsors/sindresorhus"
            }
        },
        "node_modules/@lapidist/design-lint/node_modules/readdirp": {
            "version": "4.1.2",
            "resolved": "https://registry.npmjs.org/readdirp/-/readdirp-4.1.2.tgz",
            "integrity": "sha512-GDhwkLfywWL2s6vEjyhri+eXmfH6j1L7JE27WhqLeYzoh/A3DBaYGEj2H/HFZCn/kMfim73FXxEJTw06WtxQwg==",
            "dev": true,
            "license": "MIT",
            "engines": {
                "node": ">= 14.18.0"
            },
            "funding": {
                "type": "individual",
                "url": "https://paulmillr.com/funding/"
            }
        },
        "node_modules/@lapidist/design-lint/node_modules/signal-exit": {
            "version": "4.1.0",
            "resolved": "https://registry.npmjs.org/signal-exit/-/signal-exit-4.1.0.tgz",
            "integrity": "sha512-bzyZ1e88w9O1iNJbKnOlvYTrWPDl46O1bG0D3XInv+9tkPrxrN8jUUTiFlDkkmKWgn1M6CfIA13SuGqOa9Korw==",
            "dev": true,
            "license": "ISC",
            "engines": {
                "node": ">=14"
            },
            "funding": {
                "url": "https://github.com/sponsors/isaacs"
            }
        },
        "node_modules/@lapidist/design-lint/node_modules/write-file-atomic": {
            "version": "6.0.0",
            "resolved": "https://registry.npmjs.org/write-file-atomic/-/write-file-atomic-6.0.0.tgz",
            "integrity": "sha512-GmqrO8WJ1NuzJ2DrziEI2o57jKAVIQNf8a18W3nCYU3H7PNWqCCVTeH6/NQE93CIllIgQS98rrmVkYgTX9fFJQ==",
            "dev": true,
            "license": "ISC",
            "dependencies": {
                "imurmurhash": "^0.1.4",
                "signal-exit": "^4.0.1"
            },
            "engines": {
                "node": "^18.17.0 || >=20.5.0"
            }
        },
        "node_modules/@lapidist/design-lint/node_modules/yocto-queue": {
            "version": "1.2.1",
            "resolved": "https://registry.npmjs.org/yocto-queue/-/yocto-queue-1.2.1.tgz",
            "integrity": "sha512-AyeEbWOu/TAXdxlV9wmGcR0+yh2j3vYPGOECcIj2S7MkrLyC7ne+oye2BKTItt0ii2PHk4cDy+95+LshzbXnGg==",
            "dev": true,
            "license": "MIT",
            "engines": {
                "node": ">=12.20"
            },
            "funding": {
                "url": "https://github.com/sponsors/sindresorhus"
            }
        },
        "node_modules/@lapidist/design-lint/node_modules/zod": {
            "version": "4.1.5",
            "resolved": "https://registry.npmjs.org/zod/-/zod-4.1.5.tgz",
            "integrity": "sha512-rcUUZqlLJgBC33IT3PNMgsCq6TzLQEG/Ei/KTCU0PedSWRMAXoOUN+4t/0H+Q8bdnLPdqUYnvboJT0bn/229qg==",
            "dev": true,
            "license": "MIT",
            "funding": {
                "url": "https://github.com/sponsors/colinhacks"
            }
        },
        "node_modules/@sveltejs/acorn-typescript": {
            "version": "1.0.5",
            "resolved": "https://registry.npmjs.org/@sveltejs/acorn-typescript/-/acorn-typescript-1.0.5.tgz",
            "integrity": "sha512-IwQk4yfwLdibDlrXVE04jTZYlLnwsTT2PIOQQGNLWfjavGifnk1JD1LcZjZaBTRcxZu2FfPfNLOE04DSu9lqtQ==",
            "dev": true,
            "license": "MIT",
            "peerDependencies": {
                "acorn": "^8.9.0"
            }
        },
        "node_modules/@vue/compiler-core": {
            "version": "3.5.21",
            "resolved": "https://registry.npmjs.org/@vue/compiler-core/-/compiler-core-3.5.21.tgz",
            "integrity": "sha512-8i+LZ0vf6ZgII5Z9XmUvrCyEzocvWT+TeR2VBUVlzIH6Tyv57E20mPZ1bCS+tbejgUgmjrEh7q/0F0bibskAmw==",
            "dev": true,
            "license": "MIT",
            "dependencies": {
                "@babel/parser": "^7.28.3",
                "@vue/shared": "3.5.21",
                "entities": "^4.5.0",
                "estree-walker": "^2.0.2",
                "source-map-js": "^1.2.1"
            }
        },
        "node_modules/@vue/compiler-core/node_modules/entities": {
            "version": "4.5.0",
            "resolved": "https://registry.npmjs.org/entities/-/entities-4.5.0.tgz",
            "integrity": "sha512-V0hjH4dGPh9Ao5p0MoRY6BVqtwCjhz6vI5LT8AJ55H+4g9/4vbHx1I54fS0XuclLhDHArPQCiMjDxjaL8fPxhw==",
            "dev": true,
            "license": "BSD-2-Clause",
            "engines": {
                "node": ">=0.12"
            },
            "funding": {
                "url": "https://github.com/fb55/entities?sponsor=1"
            }
        },
        "node_modules/@vue/compiler-core/node_modules/estree-walker": {
            "version": "2.0.2",
            "resolved": "https://registry.npmjs.org/estree-walker/-/estree-walker-2.0.2.tgz",
            "integrity": "sha512-Rfkk/Mp/DL7JVje3u18FxFujQlTNR2q6QfMSMB7AvCBx91NGj/ba3kCfza0f6dVDbw7YlRf/nDrn7pQrCCyQ/w==",
            "dev": true,
            "license": "MIT"
        },
        "node_modules/@vue/compiler-dom": {
            "version": "3.5.21",
            "resolved": "https://registry.npmjs.org/@vue/compiler-dom/-/compiler-dom-3.5.21.tgz",
            "integrity": "sha512-jNtbu/u97wiyEBJlJ9kmdw7tAr5Vy0Aj5CgQmo+6pxWNQhXZDPsRr1UWPN4v3Zf82s2H3kF51IbzZ4jMWAgPlQ==",
            "dev": true,
            "license": "MIT",
            "dependencies": {
                "@vue/compiler-core": "3.5.21",
                "@vue/shared": "3.5.21"
            }
        },
        "node_modules/@vue/compiler-sfc": {
            "version": "3.5.21",
            "resolved": "https://registry.npmjs.org/@vue/compiler-sfc/-/compiler-sfc-3.5.21.tgz",
            "integrity": "sha512-SXlyk6I5eUGBd2v8Ie7tF6ADHE9kCR6mBEuPyH1nUZ0h6Xx6nZI29i12sJKQmzbDyr2tUHMhhTt51Z6blbkTTQ==",
            "dev": true,
            "license": "MIT",
            "dependencies": {
                "@babel/parser": "^7.28.3",
                "@vue/compiler-core": "3.5.21",
                "@vue/compiler-dom": "3.5.21",
                "@vue/compiler-ssr": "3.5.21",
                "@vue/shared": "3.5.21",
                "estree-walker": "^2.0.2",
                "magic-string": "^0.30.18",
                "postcss": "^8.5.6",
                "source-map-js": "^1.2.1"
            }
        },
        "node_modules/@vue/compiler-sfc/node_modules/estree-walker": {
            "version": "2.0.2",
            "resolved": "https://registry.npmjs.org/estree-walker/-/estree-walker-2.0.2.tgz",
            "integrity": "sha512-Rfkk/Mp/DL7JVje3u18FxFujQlTNR2q6QfMSMB7AvCBx91NGj/ba3kCfza0f6dVDbw7YlRf/nDrn7pQrCCyQ/w==",
            "dev": true,
            "license": "MIT"
        },
        "node_modules/@vue/compiler-ssr": {
            "version": "3.5.21",
            "resolved": "https://registry.npmjs.org/@vue/compiler-ssr/-/compiler-ssr-3.5.21.tgz",
            "integrity": "sha512-vKQ5olH5edFZdf5ZrlEgSO1j1DMA4u23TVK5XR1uMhvwnYvVdDF0nHXJUblL/GvzlShQbjhZZ2uvYmDlAbgo9w==",
            "dev": true,
            "license": "MIT",
            "dependencies": {
                "@vue/compiler-dom": "3.5.21",
                "@vue/shared": "3.5.21"
            }
        },
        "node_modules/@vue/shared": {
            "version": "3.5.21",
            "resolved": "https://registry.npmjs.org/@vue/shared/-/shared-3.5.21.tgz",
            "integrity": "sha512-+2k1EQpnYuVuu3N7atWyG3/xoFWIVJZq4Mz8XNOdScFI0etES75fbny/oU4lKWk/577P1zmg0ioYvpGEDZ3DLw==",
            "dev": true,
            "license": "MIT"
        },
        "node_modules/esm-env": {
            "version": "1.2.2",
            "resolved": "https://registry.npmjs.org/esm-env/-/esm-env-1.2.2.tgz",
            "integrity": "sha512-Epxrv+Nr/CaL4ZcFGPJIYLWFom+YeV1DqMLHJoEd9SYRxNbaFruBwfEX/kkHUJf55j2+TUbmDcmuilbP1TmXHA==",
            "dev": true,
            "license": "MIT"
        },
        "node_modules/esrap": {
            "version": "2.1.0",
            "resolved": "https://registry.npmjs.org/esrap/-/esrap-2.1.0.tgz",
            "integrity": "sha512-yzmPNpl7TBbMRC5Lj2JlJZNPml0tzqoqP5B1JXycNUwtqma9AKCO0M2wHrdgsHcy1WRW7S9rJknAMtByg3usgA==",
            "dev": true,
            "license": "MIT",
            "dependencies": {
                "@jridgewell/sourcemap-codec": "^1.4.15"
            }
        },
        "node_modules/is-reference": {
            "version": "3.0.3",
            "resolved": "https://registry.npmjs.org/is-reference/-/is-reference-3.0.3.tgz",
            "integrity": "sha512-ixkJoqQvAP88E6wLydLGGqCJsrFUnqoH6HnaczB8XmDH1oaWU+xxdptvikTgaEhtZ53Ky6YXiBuUI2WXLMCwjw==",
            "dev": true,
            "license": "MIT",
            "dependencies": {
                "@types/estree": "^1.0.6"
            }
        },
        "node_modules/locate-character": {
            "version": "3.0.0",
            "resolved": "https://registry.npmjs.org/locate-character/-/locate-character-3.0.0.tgz",
            "integrity": "sha512-SW13ws7BjaeJ6p7Q6CO2nchbYEc3X3J6WrmTTDto7yMPqVSZTUyY5Tjbid+Ab8gLnATtygYtiDIJGQRRn2ZOiA==",
            "dev": true,
            "license": "MIT"
        },
        "node_modules/svelte": {
            "version": "5.38.7",
            "resolved": "https://registry.npmjs.org/svelte/-/svelte-5.38.7.tgz",
            "integrity": "sha512-1ld9TPZSdUS3EtYGQzisU2nhwXoIzNQcZ71IOU9fEmltaUofQnVfW5CQuhgM/zFsZ43arZXS1BRKi0MYgUV91w==",
            "dev": true,
            "license": "MIT",
            "dependencies": {
                "@jridgewell/remapping": "^2.3.4",
                "@jridgewell/sourcemap-codec": "^1.5.0",
                "@sveltejs/acorn-typescript": "^1.0.5",
                "@types/estree": "^1.0.5",
                "acorn": "^8.12.1",
                "aria-query": "^5.3.1",
                "axobject-query": "^4.1.0",
                "clsx": "^2.1.1",
                "esm-env": "^1.2.1",
                "esrap": "^2.1.0",
                "is-reference": "^3.0.3",
                "locate-character": "^3.0.0",
                "magic-string": "^0.30.11",
                "zimmerframe": "^1.1.2"
            },
            "engines": {
                "node": ">=18"
            }
        },
        "node_modules/svelte/node_modules/aria-query": {
            "version": "5.3.2",
            "resolved": "https://registry.npmjs.org/aria-query/-/aria-query-5.3.2.tgz",
            "integrity": "sha512-COROpnaoap1E2F000S62r6A60uHZnmlvomhfyT2DlTcrY1OrBKn2UhH7qn5wTC9zMvD0AY7csdPSNwKP+7WiQw==",
            "dev": true,
            "license": "Apache-2.0",
            "engines": {
                "node": ">= 0.4"
            }
        },
        "node_modules/zimmerframe": {
            "version": "1.1.2",
            "resolved": "https://registry.npmjs.org/zimmerframe/-/zimmerframe-1.1.2.tgz",
            "integrity": "sha512-rAbqEGa8ovJy4pyBxZM70hg4pE6gDgaQ0Sl9M3enG3I0d6H4XSAM3GeNGLKnsBpuijUow064sf7ww1nutC5/3w==",
            "dev": true,
            "license": "MIT"
        },
